// !$*UTF8*$!
{
	archiveVersion = 1;
	classes = {
	};
	objectVersion = 50;
	objects = {

/* Begin PBXBuildFile section */
		51811008233368AE008D8353 /* nova.mlmodel in Sources */ = {isa = PBXBuildFile; fileRef = 51811007233368AE008D8353 /* nova.mlmodel */; };
		5181100A23336A0E008D8353 /* people.mlmodel in Sources */ = {isa = PBXBuildFile; fileRef = 5181100923336A0E008D8353 /* people.mlmodel */; };
		5181100C23336C3E008D8353 /* people2.mlmodel in Sources */ = {isa = PBXBuildFile; fileRef = 5181100B23336C3E008D8353 /* people2.mlmodel */; };
		518110102334989E008D8353 /* LoginViewController.swift in Sources */ = {isa = PBXBuildFile; fileRef = 5181100F2334989E008D8353 /* LoginViewController.swift */; };
		51818792233340D200A2107E /* AppDelegate.swift in Sources */ = {isa = PBXBuildFile; fileRef = 51818791233340D200A2107E /* AppDelegate.swift */; };
		51818794233340D200A2107E /* ViewController.swift in Sources */ = {isa = PBXBuildFile; fileRef = 51818793233340D200A2107E /* ViewController.swift */; };
		51818797233340D200A2107E /* Main.storyboard in Resources */ = {isa = PBXBuildFile; fileRef = 51818795233340D200A2107E /* Main.storyboard */; };
		51818799233340D300A2107E /* Assets.xcassets in Resources */ = {isa = PBXBuildFile; fileRef = 51818798233340D300A2107E /* Assets.xcassets */; };
		5181879C233340D300A2107E /* LaunchScreen.storyboard in Resources */ = {isa = PBXBuildFile; fileRef = 5181879A233340D300A2107E /* LaunchScreen.storyboard */; };
		518187A42333509500A2107E /* SqueezeNet.mlmodel in Sources */ = {isa = PBXBuildFile; fileRef = 518187A32333509500A2107E /* SqueezeNet.mlmodel */; };
		518187A62333534200A2107E /* Resnet50.mlmodel in Sources */ = {isa = PBXBuildFile; fileRef = 518187A52333534200A2107E /* Resnet50.mlmodel */; };
/* End PBXBuildFile section */

/* Begin PBXFileReference section */
		51811007233368AE008D8353 /* nova.mlmodel */ = {isa = PBXFileReference; lastKnownFileType = file.mlmodel; name = nova.mlmodel; path = ../../../nova.mlmodel; sourceTree = "<group>"; };
		5181100923336A0E008D8353 /* people.mlmodel */ = {isa = PBXFileReference; lastKnownFileType = file.mlmodel; name = people.mlmodel; path = ../../../people.mlmodel; sourceTree = "<group>"; };
		5181100B23336C3E008D8353 /* people2.mlmodel */ = {isa = PBXFileReference; lastKnownFileType = file.mlmodel; name = people2.mlmodel; path = ../../../people2.mlmodel; sourceTree = "<group>"; };
		5181100F2334989E008D8353 /* LoginViewController.swift */ = {isa = PBXFileReference; lastKnownFileType = sourcecode.swift; path = LoginViewController.swift; sourceTree = "<group>"; };
		5181878E233340D200A2107E /* NanoChalenge2.app */ = {isa = PBXFileReference; explicitFileType = wrapper.application; includeInIndex = 0; path = NanoChalenge2.app; sourceTree = BUILT_PRODUCTS_DIR; };
		51818791233340D200A2107E /* AppDelegate.swift */ = {isa = PBXFileReference; lastKnownFileType = sourcecode.swift; path = AppDelegate.swift; sourceTree = "<group>"; };
		51818793233340D200A2107E /* ViewController.swift */ = {isa = PBXFileReference; lastKnownFileType = sourcecode.swift; path = ViewController.swift; sourceTree = "<group>"; };
		51818796233340D200A2107E /* Base */ = {isa = PBXFileReference; lastKnownFileType = file.storyboard; name = Base; path = Base.lproj/Main.storyboard; sourceTree = "<group>"; };
		51818798233340D300A2107E /* Assets.xcassets */ = {isa = PBXFileReference; lastKnownFileType = folder.assetcatalog; path = Assets.xcassets; sourceTree = "<group>"; };
		5181879B233340D300A2107E /* Base */ = {isa = PBXFileReference; lastKnownFileType = file.storyboard; name = Base; path = Base.lproj/LaunchScreen.storyboard; sourceTree = "<group>"; };
		5181879D233340D300A2107E /* Info.plist */ = {isa = PBXFileReference; lastKnownFileType = text.plist.xml; path = Info.plist; sourceTree = "<group>"; };
		518187A32333509500A2107E /* SqueezeNet.mlmodel */ = {isa = PBXFileReference; lastKnownFileType = file.mlmodel; name = SqueezeNet.mlmodel; path = ../../../../Downloads/SqueezeNet.mlmodel; sourceTree = "<group>"; };
		518187A52333534200A2107E /* Resnet50.mlmodel */ = {isa = PBXFileReference; lastKnownFileType = file.mlmodel; name = Resnet50.mlmodel; path = ../../../../Downloads/Resnet50.mlmodel; sourceTree = "<group>"; };
/* End PBXFileReference section */

/* Begin PBXFrameworksBuildPhase section */
		5181878B233340D200A2107E /* Frameworks */ = {
			isa = PBXFrameworksBuildPhase;
			buildActionMask = 2147483647;
			files = (
			);
			runOnlyForDeploymentPostprocessing = 0;
		};
/* End PBXFrameworksBuildPhase section */

/* Begin PBXGroup section */
		51818785233340D200A2107E = {
			isa = PBXGroup;
			children = (
				51818790233340D200A2107E /* NanoChalenge2 */,
				5181878F233340D200A2107E /* Products */,
			);
			sourceTree = "<group>";
		};
		5181878F233340D200A2107E /* Products */ = {
			isa = PBXGroup;
			children = (
				5181878E233340D200A2107E /* NanoChalenge2.app */,
			);
			name = Products;
			sourceTree = "<group>";
		};
		51818790233340D200A2107E /* NanoChalenge2 */ = {
			isa = PBXGroup;
			children = (
				51818791233340D200A2107E /* AppDelegate.swift */,
				51818793233340D200A2107E /* ViewController.swift */,
				5181100F2334989E008D8353 /* LoginViewController.swift */,
				518187A52333534200A2107E /* Resnet50.mlmodel */,
				5181100B23336C3E008D8353 /* people2.mlmodel */,
				51811007233368AE008D8353 /* nova.mlmodel */,
				5181100923336A0E008D8353 /* people.mlmodel */,
				518187A32333509500A2107E /* SqueezeNet.mlmodel */,
				51818795233340D200A2107E /* Main.storyboard */,
				51818798233340D300A2107E /* Assets.xcassets */,
				5181879A233340D300A2107E /* LaunchScreen.storyboard */,
				5181879D233340D300A2107E /* Info.plist */,
			);
			path = NanoChalenge2;
			sourceTree = "<group>";
		};
/* End PBXGroup section */

/* Begin PBXNativeTarget section */
		5181878D233340D200A2107E /* NanoChalenge2 */ = {
			isa = PBXNativeTarget;
			buildConfigurationList = 518187A0233340D300A2107E /* Build configuration list for PBXNativeTarget "NanoChalenge2" */;
			buildPhases = (
				5181878A233340D200A2107E /* Sources */,
				5181878B233340D200A2107E /* Frameworks */,
				5181878C233340D200A2107E /* Resources */,
			);
			buildRules = (
			);
			dependencies = (
			);
			name = NanoChalenge2;
			productName = NanoChalenge2;
			productReference = 5181878E233340D200A2107E /* NanoChalenge2.app */;
			productType = "com.apple.product-type.application";
		};
/* End PBXNativeTarget section */

/* Begin PBXProject section */
		51818786233340D200A2107E /* Project object */ = {
			isa = PBXProject;
			attributes = {
				LastSwiftUpdateCheck = 1020;
				LastUpgradeCheck = 1020;
				ORGANIZATIONNAME = "Nova Arisma";
				TargetAttributes = {
					5181878D233340D200A2107E = {
						CreatedOnToolsVersion = 10.2.1;
					};
				};
			};
			buildConfigurationList = 51818789233340D200A2107E /* Build configuration list for PBXProject "NanoChalenge2" */;
			compatibilityVersion = "Xcode 9.3";
			developmentRegion = en;
			hasScannedForEncodings = 0;
			knownRegions = (
				en,
				Base,
			);
			mainGroup = 51818785233340D200A2107E;
			productRefGroup = 5181878F233340D200A2107E /* Products */;
			projectDirPath = "";
			projectRoot = "";
			targets = (
				5181878D233340D200A2107E /* NanoChalenge2 */,
			);
		};
/* End PBXProject section */

/* Begin PBXResourcesBuildPhase section */
		5181878C233340D200A2107E /* Resources */ = {
			isa = PBXResourcesBuildPhase;
			buildActionMask = 2147483647;
			files = (
				5181879C233340D300A2107E /* LaunchScreen.storyboard in Resources */,
				51818799233340D300A2107E /* Assets.xcassets in Resources */,
				51818797233340D200A2107E /* Main.storyboard in Resources */,
			);
			runOnlyForDeploymentPostprocessing = 0;
		};
/* End PBXResourcesBuildPhase section */

/* Begin PBXSourcesBuildPhase section */
		5181878A233340D200A2107E /* Sources */ = {
			isa = PBXSourcesBuildPhase;
			buildActionMask = 2147483647;
			files = (
				51818794233340D200A2107E /* ViewController.swift in Sources */,
				5181100C23336C3E008D8353 /* people2.mlmodel in Sources */,
				5181100A23336A0E008D8353 /* people.mlmodel in Sources */,
				518187A42333509500A2107E /* SqueezeNet.mlmodel in Sources */,
				518110102334989E008D8353 /* LoginViewController.swift in Sources */,
				518187A62333534200A2107E /* Resnet50.mlmodel in Sources */,
				51818792233340D200A2107E /* AppDelegate.swift in Sources */,
				51811008233368AE008D8353 /* nova.mlmodel in Sources */,
			);
			runOnlyForDeploymentPostprocessing = 0;
		};
/* End PBXSourcesBuildPhase section */

/* Begin PBXVariantGroup section */
		51818795233340D200A2107E /* Main.storyboard */ = {
			isa = PBXVariantGroup;
			children = (
				51818796233340D200A2107E /* Base */,
			);
			name = Main.storyboard;
			sourceTree = "<group>";
		};
		5181879A233340D300A2107E /* LaunchScreen.storyboard */ = {
			isa = PBXVariantGroup;
			children = (
				5181879B233340D300A2107E /* Base */,
			);
			name = LaunchScreen.storyboard;
			sourceTree = "<group>";
		};
/* End PBXVariantGroup section */

/* Begin XCBuildConfiguration section */
		5181879E233340D300A2107E /* Debug */ = {
			isa = XCBuildConfiguration;
			buildSettings = {
				ALWAYS_SEARCH_USER_PATHS = NO;
				CLANG_ANALYZER_NONNULL = YES;
				CLANG_ANALYZER_NUMBER_OBJECT_CONVERSION = YES_AGGRESSIVE;
				CLANG_CXX_LANGUAGE_STANDARD = "gnu++14";
				CLANG_CXX_LIBRARY = "libc++";
				CLANG_ENABLE_MODULES = YES;
				CLANG_ENABLE_OBJC_ARC = YES;
				CLANG_ENABLE_OBJC_WEAK = YES;
				CLANG_WARN_BLOCK_CAPTURE_AUTORELEASING = YES;
				CLANG_WARN_BOOL_CONVERSION = YES;
				CLANG_WARN_COMMA = YES;
				CLANG_WARN_CONSTANT_CONVERSION = YES;
				CLANG_WARN_DEPRECATED_OBJC_IMPLEMENTATIONS = YES;
				CLANG_WARN_DIRECT_OBJC_ISA_USAGE = YES_ERROR;
				CLANG_WARN_DOCUMENTATION_COMMENTS = YES;
				CLANG_WARN_EMPTY_BODY = YES;
				CLANG_WARN_ENUM_CONVERSION = YES;
				CLANG_WARN_INFINITE_RECURSION = YES;
				CLANG_WARN_INT_CONVERSION = YES;
				CLANG_WARN_NON_LITERAL_NULL_CONVERSION = YES;
				CLANG_WARN_OBJC_IMPLICIT_RETAIN_SELF = YES;
				CLANG_WARN_OBJC_LITERAL_CONVERSION = YES;
				CLANG_WARN_OBJC_ROOT_CLASS = YES_ERROR;
				CLANG_WARN_RANGE_LOOP_ANALYSIS = YES;
				CLANG_WARN_STRICT_PROTOTYPES = YES;
				CLANG_WARN_SUSPICIOUS_MOVE = YES;
				CLANG_WARN_UNGUARDED_AVAILABILITY = YES_AGGRESSIVE;
				CLANG_WARN_UNREACHABLE_CODE = YES;
				CLANG_WARN__DUPLICATE_METHOD_MATCH = YES;
				CODE_SIGN_IDENTITY = "iPhone Developer";
				COPY_PHASE_STRIP = NO;
				DEBUG_INFORMATION_FORMAT = dwarf;
				ENABLE_STRICT_OBJC_MSGSEND = YES;
				ENABLE_TESTABILITY = YES;
				GCC_C_LANGUAGE_STANDARD = gnu11;
				GCC_DYNAMIC_NO_PIC = NO;
				GCC_NO_COMMON_BLOCKS = YES;
				GCC_OPTIMIZATION_LEVEL = 0;
				GCC_PREPROCESSOR_DEFINITIONS = (
					"DEBUG=1",
					"$(inherited)",
				);
				GCC_WARN_64_TO_32_BIT_CONVERSION = YES;
				GCC_WARN_ABOUT_RETURN_TYPE = YES_ERROR;
				GCC_WARN_UNDECLARED_SELECTOR = YES;
				GCC_WARN_UNINITIALIZED_AUTOS = YES_AGGRESSIVE;
				GCC_WARN_UNUSED_FUNCTION = YES;
				GCC_WARN_UNUSED_VARIABLE = YES;
				IPHONEOS_DEPLOYMENT_TARGET = 12.2;
				MTL_ENABLE_DEBUG_INFO = INCLUDE_SOURCE;
				MTL_FAST_MATH = YES;
				ONLY_ACTIVE_ARCH = YES;
				SDKROOT = iphoneos;
				SWIFT_ACTIVE_COMPILATION_CONDITIONS = DEBUG;
				SWIFT_OPTIMIZATION_LEVEL = "-Onone";
			};
			name = Debug;
		};
		5181879F233340D300A2107E /* Release */ = {
			isa = XCBuildConfiguration;
			buildSettings = {
				ALWAYS_SEARCH_USER_PATHS = NO;
				CLANG_ANALYZER_NONNULL = YES;
				CLANG_ANALYZER_NUMBER_OBJECT_CONVERSION = YES_AGGRESSIVE;
				CLANG_CXX_LANGUAGE_STANDARD = "gnu++14";
				CLANG_CXX_LIBRARY = "libc++";
				CLANG_ENABLE_MODULES = YES;
				CLANG_ENABLE_OBJC_ARC = YES;
				CLANG_ENABLE_OBJC_WEAK = YES;
				CLANG_WARN_BLOCK_CAPTURE_AUTORELEASING = YES;
				CLANG_WARN_BOOL_CONVERSION = YES;
				CLANG_WARN_COMMA = YES;
				CLANG_WARN_CONSTANT_CONVERSION = YES;
				CLANG_WARN_DEPRECATED_OBJC_IMPLEMENTATIONS = YES;
				CLANG_WARN_DIRECT_OBJC_ISA_USAGE = YES_ERROR;
				CLANG_WARN_DOCUMENTATION_COMMENTS = YES;
				CLANG_WARN_EMPTY_BODY = YES;
				CLANG_WARN_ENUM_CONVERSION = YES;
				CLANG_WARN_INFINITE_RECURSION = YES;
				CLANG_WARN_INT_CONVERSION = YES;
				CLANG_WARN_NON_LITERAL_NULL_CONVERSION = YES;
				CLANG_WARN_OBJC_IMPLICIT_RETAIN_SELF = YES;
				CLANG_WARN_OBJC_LITERAL_CONVERSION = YES;
				CLANG_WARN_OBJC_ROOT_CLASS = YES_ERROR;
				CLANG_WARN_RANGE_LOOP_ANALYSIS = YES;
				CLANG_WARN_STRICT_PROTOTYPES = YES;
				CLANG_WARN_SUSPICIOUS_MOVE = YES;
				CLANG_WARN_UNGUARDED_AVAILABILITY = YES_AGGRESSIVE;
				CLANG_WARN_UNREACHABLE_CODE = YES;
				CLANG_WARN__DUPLICATE_METHOD_MATCH = YES;
				CODE_SIGN_IDENTITY = "iPhone Developer";
				COPY_PHASE_STRIP = NO;
				DEBUG_INFORMATION_FORMAT = "dwarf-with-dsym";
				ENABLE_NS_ASSERTIONS = NO;
				ENABLE_STRICT_OBJC_MSGSEND = YES;
				GCC_C_LANGUAGE_STANDARD = gnu11;
				GCC_NO_COMMON_BLOCKS = YES;
				GCC_WARN_64_TO_32_BIT_CONVERSION = YES;
				GCC_WARN_ABOUT_RETURN_TYPE = YES_ERROR;
				GCC_WARN_UNDECLARED_SELECTOR = YES;
				GCC_WARN_UNINITIALIZED_AUTOS = YES_AGGRESSIVE;
				GCC_WARN_UNUSED_FUNCTION = YES;
				GCC_WARN_UNUSED_VARIABLE = YES;
				IPHONEOS_DEPLOYMENT_TARGET = 12.2;
				MTL_ENABLE_DEBUG_INFO = NO;
				MTL_FAST_MATH = YES;
				SDKROOT = iphoneos;
				SWIFT_COMPILATION_MODE = wholemodule;
				SWIFT_OPTIMIZATION_LEVEL = "-O";
				VALIDATE_PRODUCT = YES;
			};
			name = Release;
		};
		518187A1233340D300A2107E /* Debug */ = {
			isa = XCBuildConfiguration;
			buildSettings = {
				ASSETCATALOG_COMPILER_APPICON_NAME = AppIcon;
				CODE_SIGN_STYLE = Automatic;
				DEVELOPMENT_TEAM = Y6FVCC3X3F;
				INFOPLIST_FILE = NanoChalenge2/Info.plist;
				LD_RUNPATH_SEARCH_PATHS = (
					"$(inherited)",
					"@executable_path/Frameworks",
				);
				PRODUCT_BUNDLE_IDENTIFIER = Tester.NanoChalenge2;
				PRODUCT_NAME = "$(TARGET_NAME)";
				SWIFT_VERSION = 5.0;
				TARGETED_DEVICE_FAMILY = "1,2";
			};
			name = Debug;
		};
		518187A2233340D300A2107E /* Release */ = {
			isa = XCBuildConfiguration;
			buildSettings = {
				ASSETCATALOG_COMPILER_APPICON_NAME = AppIcon;
				CODE_SIGN_STYLE = Automatic;
				DEVELOPMENT_TEAM = Y6FVCC3X3F;
				INFOPLIST_FILE = NanoChalenge2/Info.plist;
				LD_RUNPATH_SEARCH_PATHS = (
					"$(inherited)",
					"@executable_path/Frameworks",
				);
				PRODUCT_BUNDLE_IDENTIFIER = Tester.NanoChalenge2;
				PRODUCT_NAME = "$(TARGET_NAME)";
				SWIFT_VERSION = 5.0;
				TARGETED_DEVICE_FAMILY = "1,2";
			};
			name = Release;
		};
/* End XCBuildConfiguration section */

/* Begin XCConfigurationList section */
		51818789233340D200A2107E /* Build configuration list for PBXProject "NanoChalenge2" */ = {
			isa = XCConfigurationList;
			buildConfigurations = (
				5181879E233340D300A2107E /* Debug */,
				5181879F233340D300A2107E /* Release */,
			);
			defaultConfigurationIsVisible = 0;
			defaultConfigurationName = Release;
		};
		518187A0233340D300A2107E /* Build configuration list for PBXNativeTarget "NanoChalenge2" */ = {
			isa = XCConfigurationList;
			buildConfigurations = (
				518187A1233340D300A2107E /* Debug */,
				518187A2233340D300A2107E /* Release */,
			);
			defaultConfigurationIsVisible = 0;
			defaultConfigurationName = Release;
		};
/* End XCConfigurationList section */
	};
	rootObject = 51818786233340D200A2107E /* Project object */;
}
